{
  "version": 4,
  "terraform_version": "1.5.7",
  "serial": 5,
  "lineage": "fd335c92-b547-a9a6-04de-629a9c6198f3",
  "outputs": {
    "container_names": {
      "value": {
        "bridge": "aurigraph-dev4-bridge",
        "management": "aurigraph-dev4-management",
        "monitoring": {
          "grafana": "aurigraph-dev4-grafana",
          "prometheus": "aurigraph-dev4-prometheus",
          "vizor": "aurigraph-dev4-vizor"
        },
        "nodes": [
          "aurigraph-dev4-node-01",
          "aurigraph-dev4-node-02"
        ],
        "quantum": "aurigraph-dev4-quantum-kms",
        "validators": [
          "aurigraph-dev4-validator-01"
        ]
      },
      "type": [
        "object",
        {
          "bridge": "string",
          "management": "string",
          "monitoring": [
            "object",
            {
              "grafana": "string",
              "prometheus": "string",
              "vizor": "string"
            }
          ],
          "nodes": [
            "tuple",
            [
              "string",
              "string"
            ]
          ],
          "quantum": "string",
          "validators": [
            "tuple",
            [
              "string"
            ]
          ]
        }
      ]
    },
    "cross_chain_bridge": {
      "value": "http://localhost:8888",
      "type": "string"
    },
    "grafana_dashboard": {
      "value": "http://localhost:3000",
      "type": "string"
    },
    "management_dashboard": {
      "value": "http://localhost:3140",
      "type": "string"
    },
    "network_info": {
      "value": {
        "monitoring_network": "aurigraph-dev4-monitoring",
        "primary_network": "aurigraph-dev4-network"
      },
      "type": [
        "object",
        {
          "monitoring_network": "string",
          "primary_network": "string"
        }
      ]
    },
    "node_endpoints": {
      "value": [
        "http://localhost:8200",
        "http://localhost:8201"
      ],
      "type": [
        "tuple",
        [
          "string",
          "string"
        ]
      ]
    },
    "prometheus_endpoint": {
      "value": "http://localhost:9090",
      "type": "string"
    },
    "quantum_kms": {
      "value": "https://localhost:9443",
      "type": "string"
    },
    "quick_start_commands": {
      "value": {
        "access_dashboard": "open http://localhost:3140",
        "check_health": "curl http://localhost:3140/health",
        "grafana_login": "open http://localhost:3000 (admin/aurigraph-admin)",
        "view_metrics": "curl http://localhost:9090/metrics"
      },
      "type": [
        "object",
        {
          "access_dashboard": "string",
          "check_health": "string",
          "grafana_login": "string",
          "view_metrics": "string"
        }
      ]
    },
    "service_ports": {
      "value": {
        "bridge": 8888,
        "management": 3140,
        "monitoring": {
          "grafana": 3000,
          "prometheus": 9090,
          "vizor": 3052
        },
        "nodes": [
          8200,
          8201
        ],
        "quantum": 9443,
        "validators": [
          8180
        ]
      },
      "type": [
        "object",
        {
          "bridge": "number",
          "management": "number",
          "monitoring": [
            "object",
            {
              "grafana": "number",
              "prometheus": "number",
              "vizor": "number"
            }
          ],
          "nodes": [
            "tuple",
            [
              "number",
              "number"
            ]
          ],
          "quantum": "number",
          "validators": [
            "tuple",
            [
              "number"
            ]
          ]
        }
      ]
    },
    "validator_endpoints": {
      "value": [
        "http://localhost:8180"
      ],
      "type": [
        "tuple",
        [
          "string"
        ]
      ]
    },
    "vizor_dashboard": {
      "value": "http://localhost:3052",
      "type": "string"
    }
  },
  "resources": [
    {
      "mode": "managed",
      "type": "docker_container",
      "name": "cross_chain_bridge",
      "provider": "provider[\"registry.terraform.io/kreuzwerker/docker\"]",
      "instances": []
    },
    {
      "mode": "managed",
      "type": "docker_container",
      "name": "grafana",
      "provider": "provider[\"registry.terraform.io/kreuzwerker/docker\"]",
      "instances": []
    },
    {
      "mode": "managed",
      "type": "docker_container",
      "name": "management_dashboard",
      "provider": "provider[\"registry.terraform.io/kreuzwerker/docker\"]",
      "instances": []
    },
    {
      "mode": "managed",
      "type": "docker_container",
      "name": "nodes",
      "provider": "provider[\"registry.terraform.io/kreuzwerker/docker\"]",
      "instances": []
    },
    {
      "mode": "managed",
      "type": "docker_container",
      "name": "prometheus",
      "provider": "provider[\"registry.terraform.io/kreuzwerker/docker\"]",
      "instances": []
    },
    {
      "mode": "managed",
      "type": "docker_container",
      "name": "quantum_kms",
      "provider": "provider[\"registry.terraform.io/kreuzwerker/docker\"]",
      "instances": []
    },
    {
      "mode": "managed",
      "type": "docker_container",
      "name": "validators",
      "provider": "provider[\"registry.terraform.io/kreuzwerker/docker\"]",
      "instances": []
    },
    {
      "mode": "managed",
      "type": "docker_container",
      "name": "vizor",
      "provider": "provider[\"registry.terraform.io/kreuzwerker/docker\"]",
      "instances": []
    },
    {
      "mode": "managed",
      "type": "docker_image",
      "name": "aurigraph_management",
      "provider": "provider[\"registry.terraform.io/kreuzwerker/docker\"]",
      "instances": []
    },
    {
      "mode": "managed",
      "type": "docker_image",
      "name": "aurigraph_metrics",
      "provider": "provider[\"registry.terraform.io/kreuzwerker/docker\"]",
      "instances": []
    },
    {
      "mode": "managed",
      "type": "docker_image",
      "name": "aurigraph_node",
      "provider": "provider[\"registry.terraform.io/kreuzwerker/docker\"]",
      "instances": []
    },
    {
      "mode": "managed",
      "type": "docker_image",
      "name": "aurigraph_validator",
      "provider": "provider[\"registry.terraform.io/kreuzwerker/docker\"]",
      "instances": []
    },
    {
      "mode": "managed",
      "type": "docker_image",
      "name": "aurigraph_vizor",
      "provider": "provider[\"registry.terraform.io/kreuzwerker/docker\"]",
      "instances": []
    },
    {
      "mode": "managed",
      "type": "docker_network",
      "name": "aurigraph_monitoring",
      "provider": "provider[\"registry.terraform.io/kreuzwerker/docker\"]",
      "instances": [
        {
          "schema_version": 1,
          "attributes": {
            "attachable": false,
            "check_duplicate": null,
            "driver": "bridge",
            "id": "5d08da105d890bad4cddc2bf5c46a173276471f4cca15a57b58c65dfd62a5d95",
            "ingress": false,
            "internal": false,
            "ipam_config": [
              {
                "aux_address": null,
                "gateway": "172.31.0.1",
                "ip_range": "",
                "subnet": "172.31.0.0/24"
              }
            ],
            "ipam_driver": "default",
            "ipam_options": null,
            "ipv6": false,
            "labels": [],
            "name": "aurigraph-dev4-monitoring",
            "options": {
              "com.docker.network.enable_ipv4": "true",
              "com.docker.network.enable_ipv6": "false"
            },
            "scope": "local"
          },
          "sensitive_attributes": [],
          "private": "eyJzY2hlbWFfdmVyc2lvbiI6IjEifQ=="
        }
      ]
    },
    {
      "mode": "managed",
      "type": "random_id",
      "name": "deployment",
      "provider": "provider[\"registry.terraform.io/hashicorp/random\"]",
      "instances": [
        {
          "schema_version": 0,
          "attributes": {
            "b64_std": "5PbsCQ==",
            "b64_url": "5PbsCQ",
            "byte_length": 4,
            "dec": "3841387529",
            "hex": "e4f6ec09",
            "id": "5PbsCQ",
            "keepers": null,
            "prefix": null
          },
          "sensitive_attributes": []
        }
      ]
    }
  ],
  "check_results": null
}
